// !$*UTF8*$!
{
	archiveVersion = 1;
	classes = {
	};
	objectVersion = 46;
	objects = {

/* Begin PBXBuildFile section */
		2E578EAA1E32124500CC3A1F /* AppDelegate.swift in Sources */ = {isa = PBXBuildFile; fileRef = 2E578EA91E32124500CC3A1F /* AppDelegate.swift */; };
		2E578EB11E32124500CC3A1F /* Main.storyboard in Resources */ = {isa = PBXBuildFile; fileRef = 2E578EAF1E32124500CC3A1F /* Main.storyboard */; };
		2E578EB31E32124500CC3A1F /* Assets.xcassets in Resources */ = {isa = PBXBuildFile; fileRef = 2E578EB21E32124500CC3A1F /* Assets.xcassets */; };
		2E578EB61E32124500CC3A1F /* LaunchScreen.storyboard in Resources */ = {isa = PBXBuildFile; fileRef = 2E578EB41E32124500CC3A1F /* LaunchScreen.storyboard */; };
		814019071EC154E900C5B854 /* LeftViewController.swift in Sources */ = {isa = PBXBuildFile; fileRef = 814018FC1EC154E900C5B854 /* LeftViewController.swift */; };
		814019081EC154E900C5B854 /* LeftViewController.xib in Resources */ = {isa = PBXBuildFile; fileRef = 814018FD1EC154E900C5B854 /* LeftViewController.xib */; };
		814019091EC154E900C5B854 /* MyPresentaionController.swift in Sources */ = {isa = PBXBuildFile; fileRef = 814018FE1EC154E900C5B854 /* MyPresentaionController.swift */; };
		8140190A1EC154E900C5B854 /* RevealTransition.swift in Sources */ = {isa = PBXBuildFile; fileRef = 814018FF1EC154E900C5B854 /* RevealTransition.swift */; };
		8140190B1EC154E900C5B854 /* HomeViewController.swift in Sources */ = {isa = PBXBuildFile; fileRef = 814019041EC154E900C5B854 /* HomeViewController.swift */; };
		8140190C1EC154E900C5B854 /* HomeViewController.xib in Resources */ = {isa = PBXBuildFile; fileRef = 814019051EC154E900C5B854 /* HomeViewController.xib */; };
		814019101EC1550A00C5B854 /* BaseViewController.swift in Sources */ = {isa = PBXBuildFile; fileRef = 8140190E1EC1550A00C5B854 /* BaseViewController.swift */; };
		814019111EC1550A00C5B854 /* MyTabBarController.swift in Sources */ = {isa = PBXBuildFile; fileRef = 8140190F1EC1550A00C5B854 /* MyTabBarController.swift */; };
		814019141EC1552C00C5B854 /* SettingViewController.swift in Sources */ = {isa = PBXBuildFile; fileRef = 814019121EC1552C00C5B854 /* SettingViewController.swift */; };
		814019151EC1552C00C5B854 /* SettingViewController.xib in Resources */ = {isa = PBXBuildFile; fileRef = 814019131EC1552C00C5B854 /* SettingViewController.xib */; };
		814019181EC1553C00C5B854 /* LivingRoomViewController.swift in Sources */ = {isa = PBXBuildFile; fileRef = 814019161EC1553C00C5B854 /* LivingRoomViewController.swift */; };
		814019191EC1553C00C5B854 /* LivingRoomViewController.xib in Resources */ = {isa = PBXBuildFile; fileRef = 814019171EC1553C00C5B854 /* LivingRoomViewController.xib */; };
		8140191C1EC1556900C5B854 /* ScenesViewController.swift in Sources */ = {isa = PBXBuildFile; fileRef = 8140191A1EC1556900C5B854 /* ScenesViewController.swift */; };
		8140191D1EC1556900C5B854 /* ScenesViewController.xib in Resources */ = {isa = PBXBuildFile; fileRef = 8140191B1EC1556900C5B854 /* ScenesViewController.xib */; };
		814019201EC155AF00C5B854 /* VoiceViewController.swift in Sources */ = {isa = PBXBuildFile; fileRef = 8140191E1EC155AF00C5B854 /* VoiceViewController.swift */; };
		814019211EC155AF00C5B854 /* VoiceViewController.xib in Resources */ = {isa = PBXBuildFile; fileRef = 8140191F1EC155AF00C5B854 /* VoiceViewController.xib */; };
		EBDDF5440A04E6300F507B04 /* Pods_MyTabbedApplication.framework in Frameworks */ = {isa = PBXBuildFile; fileRef = 5F6DC441A196EB78ABA0499A /* Pods_MyTabbedApplication.framework */; };
/* End PBXBuildFile section */

/* Begin PBXFileReference section */
		1107EB545BB83186ACF16BF1 /* Pods-MyTabbedApplication.release.xcconfig */ = {isa = PBXFileReference; includeInIndex = 1; lastKnownFileType = text.xcconfig; name = "Pods-MyTabbedApplication.release.xcconfig"; path = "Pods/Target Support Files/Pods-MyTabbedApplication/Pods-MyTabbedApplication.release.xcconfig"; sourceTree = "<group>"; };
		16FE319882B92D9A1A87AA69 /* Pods-MyTabbedApplication.debug.xcconfig */ = {isa = PBXFileReference; includeInIndex = 1; lastKnownFileType = text.xcconfig; name = "Pods-MyTabbedApplication.debug.xcconfig"; path = "Pods/Target Support Files/Pods-MyTabbedApplication/Pods-MyTabbedApplication.debug.xcconfig"; sourceTree = "<group>"; };
		2E578EA61E32124500CC3A1F /* MyTabbedApplication.app */ = {isa = PBXFileReference; explicitFileType = wrapper.application; includeInIndex = 0; path = MyTabbedApplication.app; sourceTree = BUILT_PRODUCTS_DIR; };
		2E578EA91E32124500CC3A1F /* AppDelegate.swift */ = {isa = PBXFileReference; lastKnownFileType = sourcecode.swift; path = AppDelegate.swift; sourceTree = "<group>"; };
		2E578EB01E32124500CC3A1F /* Base */ = {isa = PBXFileReference; lastKnownFileType = file.storyboard; name = Base; path = Base.lproj/Main.storyboard; sourceTree = "<group>"; };
		2E578EB21E32124500CC3A1F /* Assets.xcassets */ = {isa = PBXFileReference; lastKnownFileType = folder.assetcatalog; path = Assets.xcassets; sourceTree = "<group>"; };
		2E578EB51E32124500CC3A1F /* Base */ = {isa = PBXFileReference; lastKnownFileType = file.storyboard; name = Base; path = Base.lproj/LaunchScreen.storyboard; sourceTree = "<group>"; };
		2E578EB71E32124500CC3A1F /* Info.plist */ = {isa = PBXFileReference; lastKnownFileType = text.plist.xml; path = Info.plist; sourceTree = "<group>"; };
		5F6DC441A196EB78ABA0499A /* Pods_MyTabbedApplication.framework */ = {isa = PBXFileReference; explicitFileType = wrapper.framework; includeInIndex = 0; path = Pods_MyTabbedApplication.framework; sourceTree = BUILT_PRODUCTS_DIR; };
		814018FC1EC154E900C5B854 /* LeftViewController.swift */ = {isa = PBXFileReference; fileEncoding = 4; lastKnownFileType = sourcecode.swift; path = LeftViewController.swift; sourceTree = "<group>"; };
		814018FD1EC154E900C5B854 /* LeftViewController.xib */ = {isa = PBXFileReference; fileEncoding = 4; lastKnownFileType = file.xib; path = LeftViewController.xib; sourceTree = "<group>"; };
		814018FE1EC154E900C5B854 /* MyPresentaionController.swift */ = {isa = PBXFileReference; fileEncoding = 4; lastKnownFileType = sourcecode.swift; path = MyPresentaionController.swift; sourceTree = "<group>"; };
		814018FF1EC154E900C5B854 /* RevealTransition.swift */ = {isa = PBXFileReference; fileEncoding = 4; lastKnownFileType = sourcecode.swift; path = RevealTransition.swift; sourceTree = "<group>"; };
		814019041EC154E900C5B854 /* HomeViewController.swift */ = {isa = PBXFileReference; fileEncoding = 4; lastKnownFileType = sourcecode.swift; path = HomeViewController.swift; sourceTree = "<group>"; };
		814019051EC154E900C5B854 /* HomeViewController.xib */ = {isa = PBXFileReference; fileEncoding = 4; lastKnownFileType = file.xib; path = HomeViewController.xib; sourceTree = "<group>"; };
		8140190E1EC1550A00C5B854 /* BaseViewController.swift */ = {isa = PBXFileReference; fileEncoding = 4; lastKnownFileType = sourcecode.swift; path = BaseViewController.swift; sourceTree = "<group>"; };
		8140190F1EC1550A00C5B854 /* MyTabBarController.swift */ = {isa = PBXFileReference; fileEncoding = 4; lastKnownFileType = sourcecode.swift; path = MyTabBarController.swift; sourceTree = "<group>"; };
		814019121EC1552C00C5B854 /* SettingViewController.swift */ = {isa = PBXFileReference; fileEncoding = 4; lastKnownFileType = sourcecode.swift; path = SettingViewController.swift; sourceTree = "<group>"; };
		814019131EC1552C00C5B854 /* SettingViewController.xib */ = {isa = PBXFileReference; fileEncoding = 4; lastKnownFileType = file.xib; path = SettingViewController.xib; sourceTree = "<group>"; };
		814019161EC1553C00C5B854 /* LivingRoomViewController.swift */ = {isa = PBXFileReference; fileEncoding = 4; lastKnownFileType = sourcecode.swift; path = LivingRoomViewController.swift; sourceTree = "<group>"; };
		814019171EC1553C00C5B854 /* LivingRoomViewController.xib */ = {isa = PBXFileReference; fileEncoding = 4; lastKnownFileType = file.xib; path = LivingRoomViewController.xib; sourceTree = "<group>"; };
		8140191A1EC1556900C5B854 /* ScenesViewController.swift */ = {isa = PBXFileReference; fileEncoding = 4; lastKnownFileType = sourcecode.swift; path = ScenesViewController.swift; sourceTree = "<group>"; };
		8140191B1EC1556900C5B854 /* ScenesViewController.xib */ = {isa = PBXFileReference; fileEncoding = 4; lastKnownFileType = file.xib; path = ScenesViewController.xib; sourceTree = "<group>"; };
		8140191E1EC155AF00C5B854 /* VoiceViewController.swift */ = {isa = PBXFileReference; fileEncoding = 4; lastKnownFileType = sourcecode.swift; path = VoiceViewController.swift; sourceTree = "<group>"; };
		8140191F1EC155AF00C5B854 /* VoiceViewController.xib */ = {isa = PBXFileReference; fileEncoding = 4; lastKnownFileType = file.xib; path = VoiceViewController.xib; sourceTree = "<group>"; };
/* End PBXFileReference section */

/* Begin PBXFrameworksBuildPhase section */
		2E578EA31E32124500CC3A1F /* Frameworks */ = {
			isa = PBXFrameworksBuildPhase;
			buildActionMask = 2147483647;
			files = (
				EBDDF5440A04E6300F507B04 /* Pods_MyTabbedApplication.framework in Frameworks */,
			);
			runOnlyForDeploymentPostprocessing = 0;
		};
/* End PBXFrameworksBuildPhase section */

/* Begin PBXGroup section */
		2E578E9D1E32124500CC3A1F = {
			isa = PBXGroup;
			children = (
				2E578EA81E32124500CC3A1F /* MyTabbedApplication */,
				2E578EA71E32124500CC3A1F /* Products */,
				79EF9E029CAC3811A0B89E8B /* Pods */,
				D2DB0264ACB3A5292934088D /* Frameworks */,
			);
			sourceTree = "<group>";
		};
		2E578EA71E32124500CC3A1F /* Products */ = {
			isa = PBXGroup;
			children = (
				2E578EA61E32124500CC3A1F /* MyTabbedApplication.app */,
			);
			name = Products;
			sourceTree = "<group>";
		};
		2E578EA81E32124500CC3A1F /* MyTabbedApplication */ = {
			isa = PBXGroup;
			children = (
				8140190D1EC1550A00C5B854 /* Root */,
				814018FB1EC154E900C5B854 /* 侧边栏 */,
				814019001EC154E900C5B854 /* 场景 */,
				814019011EC154E900C5B854 /* 客厅 */,
				814019021EC154E900C5B854 /* 设置 */,
				814019031EC154E900C5B854 /* 首页 */,
				814019061EC154E900C5B854 /* 语音 */,
				2E578EA91E32124500CC3A1F /* AppDelegate.swift */,
				2E578EAF1E32124500CC3A1F /* Main.storyboard */,
				2E578EB21E32124500CC3A1F /* Assets.xcassets */,
				2E578EB41E32124500CC3A1F /* LaunchScreen.storyboard */,
				2E578EB71E32124500CC3A1F /* Info.plist */,
			);
			path = MyTabbedApplication;
			sourceTree = "<group>";
		};
		79EF9E029CAC3811A0B89E8B /* Pods */ = {
			isa = PBXGroup;
			children = (
				16FE319882B92D9A1A87AA69 /* Pods-MyTabbedApplication.debug.xcconfig */,
				1107EB545BB83186ACF16BF1 /* Pods-MyTabbedApplication.release.xcconfig */,
			);
			name = Pods;
			sourceTree = "<group>";
		};
		814018FB1EC154E900C5B854 /* 侧边栏 */ = {
			isa = PBXGroup;
			children = (
				814018FC1EC154E900C5B854 /* LeftViewController.swift */,
				814018FD1EC154E900C5B854 /* LeftViewController.xib */,
				814018FE1EC154E900C5B854 /* MyPresentaionController.swift */,
				814018FF1EC154E900C5B854 /* RevealTransition.swift */,
			);
			path = "侧边栏";
			sourceTree = "<group>";
		};
		814019001EC154E900C5B854 /* 场景 */ = {
			isa = PBXGroup;
			children = (
				8140191A1EC1556900C5B854 /* ScenesViewController.swift */,
				8140191B1EC1556900C5B854 /* ScenesViewController.xib */,
			);
			path = "场景";
			sourceTree = "<group>";
		};
		814019011EC154E900C5B854 /* 客厅 */ = {
			isa = PBXGroup;
			children = (
				814019161EC1553C00C5B854 /* LivingRoomViewController.swift */,
				814019171EC1553C00C5B854 /* LivingRoomViewController.xib */,
			);
			path = "客厅";
			sourceTree = "<group>";
		};
		814019021EC154E900C5B854 /* 设置 */ = {
			isa = PBXGroup;
			children = (
				814019121EC1552C00C5B854 /* SettingViewController.swift */,
				814019131EC1552C00C5B854 /* SettingViewController.xib */,
			);
			path = "设置";
			sourceTree = "<group>";
		};
		814019031EC154E900C5B854 /* 首页 */ = {
			isa = PBXGroup;
			children = (
				814019041EC154E900C5B854 /* HomeViewController.swift */,
				814019051EC154E900C5B854 /* HomeViewController.xib */,
			);
			path = "首页";
			sourceTree = "<group>";
		};
		814019061EC154E900C5B854 /* 语音 */ = {
			isa = PBXGroup;
			children = (
				8140191E1EC155AF00C5B854 /* VoiceViewController.swift */,
				8140191F1EC155AF00C5B854 /* VoiceViewController.xib */,
			);
			path = "语音";
			sourceTree = "<group>";
		};
		8140190D1EC1550A00C5B854 /* Root */ = {
			isa = PBXGroup;
			children = (
				8140190E1EC1550A00C5B854 /* BaseViewController.swift */,
				8140190F1EC1550A00C5B854 /* MyTabBarController.swift */,
			);
			path = Root;
			sourceTree = "<group>";
		};
		D2DB0264ACB3A5292934088D /* Frameworks */ = {
			isa = PBXGroup;
			children = (
				5F6DC441A196EB78ABA0499A /* Pods_MyTabbedApplication.framework */,
			);
			name = Frameworks;
			sourceTree = "<group>";
		};
/* End PBXGroup section */

/* Begin PBXNativeTarget section */
		2E578EA51E32124500CC3A1F /* MyTabbedApplication */ = {
			isa = PBXNativeTarget;
			buildConfigurationList = 2E578EBA1E32124500CC3A1F /* Build configuration list for PBXNativeTarget "MyTabbedApplication" */;
			buildPhases = (
				9EF7DD29B8EABE2F6A340029 /* [CP] Check Pods Manifest.lock */,
				2E578EA21E32124500CC3A1F /* Sources */,
				2E578EA31E32124500CC3A1F /* Frameworks */,
				2E578EA41E32124500CC3A1F /* Resources */,
				E827AB79FE590677CCED4247 /* [CP] Embed Pods Frameworks */,
				5FD1E0AAAE5A7A3ACFC3227A /* [CP] Copy Pods Resources */,
			);
			buildRules = (
			);
			dependencies = (
			);
			name = MyTabbedApplication;
			productName = MyTabbedApplication;
			productReference = 2E578EA61E32124500CC3A1F /* MyTabbedApplication.app */;
			productType = "com.apple.product-type.application";
		};
/* End PBXNativeTarget section */

/* Begin PBXProject section */
		2E578E9E1E32124500CC3A1F /* Project object */ = {
			isa = PBXProject;
			attributes = {
				LastSwiftUpdateCheck = 0820;
				LastUpgradeCheck = 0820;
				ORGANIZATIONNAME = "ke sen.";
				TargetAttributes = {
					2E578EA51E32124500CC3A1F = {
						CreatedOnToolsVersion = 8.2.1;
						DevelopmentTeam = DHZ4447J4K;
						ProvisioningStyle = Automatic;
					};
				};
			};
			buildConfigurationList = 2E578EA11E32124500CC3A1F /* Build configuration list for PBXProject "MyTabbedApplication" */;
			compatibilityVersion = "Xcode 3.2";
			developmentRegion = English;
			hasScannedForEncodings = 0;
			knownRegions = (
				en,
				Base,
			);
			mainGroup = 2E578E9D1E32124500CC3A1F;
			productRefGroup = 2E578EA71E32124500CC3A1F /* Products */;
			projectDirPath = "";
			projectRoot = "";
			targets = (
				2E578EA51E32124500CC3A1F /* MyTabbedApplication */,
			);
		};
/* End PBXProject section */

/* Begin PBXResourcesBuildPhase section */
		2E578EA41E32124500CC3A1F /* Resources */ = {
			isa = PBXResourcesBuildPhase;
			buildActionMask = 2147483647;
			files = (
				814019081EC154E900C5B854 /* LeftViewController.xib in Resources */,
				8140191D1EC1556900C5B854 /* ScenesViewController.xib in Resources */,
				814019151EC1552C00C5B854 /* SettingViewController.xib in Resources */,
				2E578EB61E32124500CC3A1F /* LaunchScreen.storyboard in Resources */,
				2E578EB31E32124500CC3A1F /* Assets.xcassets in Resources */,
				814019211EC155AF00C5B854 /* VoiceViewController.xib in Resources */,
				814019191EC1553C00C5B854 /* LivingRoomViewController.xib in Resources */,
				8140190C1EC154E900C5B854 /* HomeViewController.xib in Resources */,
				2E578EB11E32124500CC3A1F /* Main.storyboard in Resources */,
			);
			runOnlyForDeploymentPostprocessing = 0;
		};
/* End PBXResourcesBuildPhase section */

/* Begin PBXShellScriptBuildPhase section */
		5FD1E0AAAE5A7A3ACFC3227A /* [CP] Copy Pods Resources */ = {
			isa = PBXShellScriptBuildPhase;
			buildActionMask = 2147483647;
			files = (
			);
			inputPaths = (
			);
			name = "[CP] Copy Pods Resources";
			outputPaths = (
			);
			runOnlyForDeploymentPostprocessing = 0;
			shellPath = /bin/sh;
			shellScript = "\"${SRCROOT}/Pods/Target Support Files/Pods-MyTabbedApplication/Pods-MyTabbedApplication-resources.sh\"\n";
			showEnvVarsInLog = 0;
		};
		9EF7DD29B8EABE2F6A340029 /* [CP] Check Pods Manifest.lock */ = {
			isa = PBXShellScriptBuildPhase;
			buildActionMask = 2147483647;
			files = (
			);
			inputPaths = (
			);
			name = "[CP] Check Pods Manifest.lock";
			outputPaths = (
			);
			runOnlyForDeploymentPostprocessing = 0;
			shellPath = /bin/sh;
			shellScript = "diff \"${PODS_ROOT}/../Podfile.lock\" \"${PODS_ROOT}/Manifest.lock\" > /dev/null\nif [ $? != 0 ] ; then\n    # print error to STDERR\n    echo \"error: The sandbox is not in sync with the Podfile.lock. Run 'pod install' or update your CocoaPods installation.\" >&2\n    exit 1\nfi\n";
			showEnvVarsInLog = 0;
		};
		E827AB79FE590677CCED4247 /* [CP] Embed Pods Frameworks */ = {
			isa = PBXShellScriptBuildPhase;
			buildActionMask = 2147483647;
			files = (
			);
			inputPaths = (
			);
			name = "[CP] Embed Pods Frameworks";
			outputPaths = (
			);
			runOnlyForDeploymentPostprocessing = 0;
			shellPath = /bin/sh;
			shellScript = "\"${SRCROOT}/Pods/Target Support Files/Pods-MyTabbedApplication/Pods-MyTabbedApplication-frameworks.sh\"\n";
			showEnvVarsInLog = 0;
		};
/* End PBXShellScriptBuildPhase section */

/* Begin PBXSourcesBuildPhase section */
		2E578EA21E32124500CC3A1F /* Sources */ = {
			isa = PBXSourcesBuildPhase;
			buildActionMask = 2147483647;
			files = (
				814019201EC155AF00C5B854 /* VoiceViewController.swift in Sources */,
				2E578EAA1E32124500CC3A1F /* AppDelegate.swift in Sources */,
				8140191C1EC1556900C5B854 /* ScenesViewController.swift in Sources */,
				814019071EC154E900C5B854 /* LeftViewController.swift in Sources */,
				814019181EC1553C00C5B854 /* LivingRoomViewController.swift in Sources */,
				814019091EC154E900C5B854 /* MyPresentaionController.swift in Sources */,
				814019141EC1552C00C5B854 /* SettingViewController.swift in Sources */,
				8140190B1EC154E900C5B854 /* HomeViewController.swift in Sources */,
				8140190A1EC154E900C5B854 /* RevealTransition.swift in Sources */,
				814019101EC1550A00C5B854 /* BaseViewController.swift in Sources */,
				814019111EC1550A00C5B854 /* MyTabBarController.swift in Sources */,
			);
			runOnlyForDeploymentPostprocessing = 0;
		};
/* End PBXSourcesBuildPhase section */

/* Begin PBXVariantGroup section */
		2E578EAF1E32124500CC3A1F /* Main.storyboard */ = {
			isa = PBXVariantGroup;
			children = (
				2E578EB01E32124500CC3A1F /* Base */,
			);
			name = Main.storyboard;
			sourceTree = "<group>";
		};
		2E578EB41E32124500CC3A1F /* LaunchScreen.storyboard */ = {
			isa = PBXVariantGroup;
			children = (
				2E578EB51E32124500CC3A1F /* Base */,
			);
			name = LaunchScreen.storyboard;
			sourceTree = "<group>";
		};
/* End PBXVariantGroup section */

/* Begin XCBuildConfiguration section */
		2E578EB81E32124500CC3A1F /* Debug */ = {
			isa = XCBuildConfiguration;
			buildSettings = {
				ALWAYS_SEARCH_USER_PATHS = NO;
				CLANG_ANALYZER_NONNULL = YES;
				CLANG_CXX_LANGUAGE_STANDARD = "gnu++0x";
				CLANG_CXX_LIBRARY = "libc++";
				CLANG_ENABLE_MODULES = YES;
				CLANG_ENABLE_OBJC_ARC = YES;
				CLANG_WARN_BOOL_CONVERSION = YES;
				CLANG_WARN_CONSTANT_CONVERSION = YES;
				CLANG_WARN_DIRECT_OBJC_ISA_USAGE = YES_ERROR;
				CLANG_WARN_DOCUMENTATION_COMMENTS = YES;
				CLANG_WARN_EMPTY_BODY = YES;
				CLANG_WARN_ENUM_CONVERSION = YES;
				CLANG_WARN_INFINITE_RECURSION = YES;
				CLANG_WARN_INT_CONVERSION = YES;
				CLANG_WARN_OBJC_ROOT_CLASS = YES_ERROR;
				CLANG_WARN_SUSPICIOUS_MOVE = YES;
				CLANG_WARN_UNREACHABLE_CODE = YES;
				CLANG_WARN__DUPLICATE_METHOD_MATCH = YES;
				"CODE_SIGN_IDENTITY[sdk=iphoneos*]" = "iPhone Developer";
				COPY_PHASE_STRIP = NO;
				DEBUG_INFORMATION_FORMAT = dwarf;
				ENABLE_STRICT_OBJC_MSGSEND = YES;
				ENABLE_TESTABILITY = YES;
				GCC_C_LANGUAGE_STANDARD = gnu99;
				GCC_DYNAMIC_NO_PIC = NO;
				GCC_NO_COMMON_BLOCKS = YES;
				GCC_OPTIMIZATION_LEVEL = 0;
				GCC_PREPROCESSOR_DEFINITIONS = (
					"DEBUG=1",
					"$(inherited)",
				);
				GCC_WARN_64_TO_32_BIT_CONVERSION = YES;
				GCC_WARN_ABOUT_RETURN_TYPE = YES_ERROR;
				GCC_WARN_UNDECLARED_SELECTOR = YES;
				GCC_WARN_UNINITIALIZED_AUTOS = YES_AGGRESSIVE;
				GCC_WARN_UNUSED_FUNCTION = YES;
				GCC_WARN_UNUSED_VARIABLE = YES;
				IPHONEOS_DEPLOYMENT_TARGET = 10.2;
				MTL_ENABLE_DEBUG_INFO = YES;
				ONLY_ACTIVE_ARCH = YES;
				SDKROOT = iphoneos;
				SWIFT_ACTIVE_COMPILATION_CONDITIONS = DEBUG;
				SWIFT_OPTIMIZATION_LEVEL = "-Onone";
				TARGETED_DEVICE_FAMILY = "1,2";
			};
			name = Debug;
		};
		2E578EB91E32124500CC3A1F /* Release */ = {
			isa = XCBuildConfiguration;
			buildSettings = {
				ALWAYS_SEARCH_USER_PATHS = NO;
				CLANG_ANALYZER_NONNULL = YES;
				CLANG_CXX_LANGUAGE_STANDARD = "gnu++0x";
				CLANG_CXX_LIBRARY = "libc++";
				CLANG_ENABLE_MODULES = YES;
				CLANG_ENABLE_OBJC_ARC = YES;
				CLANG_WARN_BOOL_CONVERSION = YES;
				CLANG_WARN_CONSTANT_CONVERSION = YES;
				CLANG_WARN_DIRECT_OBJC_ISA_USAGE = YES_ERROR;
				CLANG_WARN_DOCUMENTATION_COMMENTS = YES;
				CLANG_WARN_EMPTY_BODY = YES;
				CLANG_WARN_ENUM_CONVERSION = YES;
				CLANG_WARN_INFINITE_RECURSION = YES;
				CLANG_WARN_INT_CONVERSION = YES;
				CLANG_WARN_OBJC_ROOT_CLASS = YES_ERROR;
				CLANG_WARN_SUSPICIOUS_MOVE = YES;
				CLANG_WARN_UNREACHABLE_CODE = YES;
				CLANG_WARN__DUPLICATE_METHOD_MATCH = YES;
				"CODE_SIGN_IDENTITY[sdk=iphoneos*]" = "iPhone Developer";
				COPY_PHASE_STRIP = NO;
				DEBUG_INFORMATION_FORMAT = "dwarf-with-dsym";
				ENABLE_NS_ASSERTIONS = NO;
				ENABLE_STRICT_OBJC_MSGSEND = YES;
				GCC_C_LANGUAGE_STANDARD = gnu99;
				GCC_NO_COMMON_BLOCKS = YES;
				GCC_WARN_64_TO_32_BIT_CONVERSION = YES;
				GCC_WARN_ABOUT_RETURN_TYPE = YES_ERROR;
				GCC_WARN_UNDECLARED_SELECTOR = YES;
				GCC_WARN_UNINITIALIZED_AUTOS = YES_AGGRESSIVE;
				GCC_WARN_UNUSED_FUNCTION = YES;
				GCC_WARN_UNUSED_VARIABLE = YES;
				IPHONEOS_DEPLOYMENT_TARGET = 10.2;
				MTL_ENABLE_DEBUG_INFO = NO;
				SDKROOT = iphoneos;
				SWIFT_OPTIMIZATION_LEVEL = "-Owholemodule";
				TARGETED_DEVICE_FAMILY = "1,2";
				VALIDATE_PRODUCT = YES;
			};
			name = Release;
		};
		2E578EBB1E32124500CC3A1F /* Debug */ = {
			isa = XCBuildConfiguration;
			baseConfigurationReference = 16FE319882B92D9A1A87AA69 /* Pods-MyTabbedApplication.debug.xcconfig */;
			buildSettings = {
				ASSETCATALOG_COMPILER_APPICON_NAME = AppIcon;
				DEVELOPMENT_TEAM = DHZ4447J4K;
				INFOPLIST_FILE = MyTabbedApplication/Info.plist;
				IPHONEOS_DEPLOYMENT_TARGET = 8.0;
				LD_RUNPATH_SEARCH_PATHS = "$(inherited) @executable_path/Frameworks";
				PRODUCT_BUNDLE_IDENTIFIER = kk.MyTabbedApplication;
				PRODUCT_NAME = "$(TARGET_NAME)";
				SWIFT_VERSION = 3.0;
				TARGETED_DEVICE_FAMILY = "1,2";
			};
			name = Debug;
		};
		2E578EBC1E32124500CC3A1F /* Release */ = {
			isa = XCBuildConfiguration;
			baseConfigurationReference = 1107EB545BB83186ACF16BF1 /* Pods-MyTabbedApplication.release.xcconfig */;
			buildSettings = {
				ASSETCATALOG_COMPILER_APPICON_NAME = AppIcon;
				DEVELOPMENT_TEAM = DHZ4447J4K;
				INFOPLIST_FILE = MyTabbedApplication/Info.plist;
				IPHONEOS_DEPLOYMENT_TARGET = 8.0;
				LD_RUNPATH_SEARCH_PATHS = "$(inherited) @executable_path/Frameworks";
				PRODUCT_BUNDLE_IDENTIFIER = kk.MyTabbedApplication;
				PRODUCT_NAME = "$(TARGET_NAME)";
				SWIFT_VERSION = 3.0;
				TARGETED_DEVICE_FAMILY = "1,2";
			};
			name = Release;
		};
/* End XCBuildConfiguration section */

/* Begin XCConfigurationList section */
		2E578EA11E32124500CC3A1F /* Build configuration list for PBXProject "MyTabbedApplication" */ = {
			isa = XCConfigurationList;
			buildConfigurations = (
				2E578EB81E32124500CC3A1F /* Debug */,
				2E578EB91E32124500CC3A1F /* Release */,
			);
			defaultConfigurationIsVisible = 0;
			defaultConfigurationName = Release;
		};
		2E578EBA1E32124500CC3A1F /* Build configuration list for PBXNativeTarget "MyTabbedApplication" */ = {
			isa = XCConfigurationList;
			buildConfigurations = (
				2E578EBB1E32124500CC3A1F /* Debug */,
				2E578EBC1E32124500CC3A1F /* Release */,
			);
			defaultConfigurationIsVisible = 0;
			defaultConfigurationName = Release;
		};
/* End XCConfigurationList section */
	};
	rootObject = 2E578E9E1E32124500CC3A1F /* Project object */;
}
