// !$*UTF8*$!
{
	archiveVersion = 1;
	classes = {
	};
	objectVersion = 46;
	objects = {

/* Begin PBXBuildFile section */
		2E578EAA1E32124500CC3A1F /* AppDelegate.swift in Sources */ = {isa = PBXBuildFile; fileRef = 2E578EA91E32124500CC3A1F /* AppDelegate.swift */; };
		2E578EB11E32124500CC3A1F /* Main.storyboard in Resources */ = {isa = PBXBuildFile; fileRef = 2E578EAF1E32124500CC3A1F /* Main.storyboard */; };
		2E578EB31E32124500CC3A1F /* Assets.xcassets in Resources */ = {isa = PBXBuildFile; fileRef = 2E578EB21E32124500CC3A1F /* Assets.xcassets */; };
		2E578EB61E32124500CC3A1F /* LaunchScreen.storyboard in Resources */ = {isa = PBXBuildFile; fileRef = 2E578EB41E32124500CC3A1F /* LaunchScreen.storyboard */; };
		814018F11EC059C000C5B854 /* MyPresentaionController.swift in Sources */ = {isa = PBXBuildFile; fileRef = 814018F01EC059C000C5B854 /* MyPresentaionController.swift */; };
		818131551EBC50A600CEEA97 /* RevealTransition.swift in Sources */ = {isa = PBXBuildFile; fileRef = 818131541EBC50A600CEEA97 /* RevealTransition.swift */; };
		818131571EBC6DAA00CEEA97 /* BaseViewController.swift in Sources */ = {isa = PBXBuildFile; fileRef = 818131561EBC6DAA00CEEA97 /* BaseViewController.swift */; };
		81F826CB1EA9FC6000DD9928 /* MyTabBarController.swift in Sources */ = {isa = PBXBuildFile; fileRef = 81F826CA1EA9FC6000DD9928 /* MyTabBarController.swift */; };
		81F826CE1EA9FCCC00DD9928 /* HomeViewController.swift in Sources */ = {isa = PBXBuildFile; fileRef = 81F826CC1EA9FCCC00DD9928 /* HomeViewController.swift */; };
		81F826CF1EA9FCCC00DD9928 /* HomeViewController.xib in Resources */ = {isa = PBXBuildFile; fileRef = 81F826CD1EA9FCCC00DD9928 /* HomeViewController.xib */; };
		81F826D21EA9FCE300DD9928 /* MineViewController.swift in Sources */ = {isa = PBXBuildFile; fileRef = 81F826D01EA9FCE300DD9928 /* MineViewController.swift */; };
		81F826D31EA9FCE300DD9928 /* MineViewController.xib in Resources */ = {isa = PBXBuildFile; fileRef = 81F826D11EA9FCE300DD9928 /* MineViewController.xib */; };
		81F826D71EAA003700DD9928 /* ExploreViewController.swift in Sources */ = {isa = PBXBuildFile; fileRef = 81F826D51EAA003700DD9928 /* ExploreViewController.swift */; };
		81F826D81EAA003700DD9928 /* ExploreViewController.xib in Resources */ = {isa = PBXBuildFile; fileRef = 81F826D61EAA003700DD9928 /* ExploreViewController.xib */; };
		81F826DE1EAA116A00DD9928 /* LeftViewController.swift in Sources */ = {isa = PBXBuildFile; fileRef = 81F826DC1EAA116A00DD9928 /* LeftViewController.swift */; };
		81F826DF1EAA116A00DD9928 /* LeftViewController.xib in Resources */ = {isa = PBXBuildFile; fileRef = 81F826DD1EAA116A00DD9928 /* LeftViewController.xib */; };
		EBDDF5440A04E6300F507B04 /* Pods_MyTabbedApplication.framework in Frameworks */ = {isa = PBXBuildFile; fileRef = 5F6DC441A196EB78ABA0499A /* Pods_MyTabbedApplication.framework */; };
/* End PBXBuildFile section */

/* Begin PBXFileReference section */
		1107EB545BB83186ACF16BF1 /* Pods-MyTabbedApplication.release.xcconfig */ = {isa = PBXFileReference; includeInIndex = 1; lastKnownFileType = text.xcconfig; name = "Pods-MyTabbedApplication.release.xcconfig"; path = "Pods/Target Support Files/Pods-MyTabbedApplication/Pods-MyTabbedApplication.release.xcconfig"; sourceTree = "<group>"; };
		16FE319882B92D9A1A87AA69 /* Pods-MyTabbedApplication.debug.xcconfig */ = {isa = PBXFileReference; includeInIndex = 1; lastKnownFileType = text.xcconfig; name = "Pods-MyTabbedApplication.debug.xcconfig"; path = "Pods/Target Support Files/Pods-MyTabbedApplication/Pods-MyTabbedApplication.debug.xcconfig"; sourceTree = "<group>"; };
		2E578EA61E32124500CC3A1F /* MyTabbedApplication.app */ = {isa = PBXFileReference; explicitFileType = wrapper.application; includeInIndex = 0; path = MyTabbedApplication.app; sourceTree = BUILT_PRODUCTS_DIR; };
		2E578EA91E32124500CC3A1F /* AppDelegate.swift */ = {isa = PBXFileReference; lastKnownFileType = sourcecode.swift; path = AppDelegate.swift; sourceTree = "<group>"; };
		2E578EB01E32124500CC3A1F /* Base */ = {isa = PBXFileReference; lastKnownFileType = file.storyboard; name = Base; path = Base.lproj/Main.storyboard; sourceTree = "<group>"; };
		2E578EB21E32124500CC3A1F /* Assets.xcassets */ = {isa = PBXFileReference; lastKnownFileType = folder.assetcatalog; path = Assets.xcassets; sourceTree = "<group>"; };
		2E578EB51E32124500CC3A1F /* Base */ = {isa = PBXFileReference; lastKnownFileType = file.storyboard; name = Base; path = Base.lproj/LaunchScreen.storyboard; sourceTree = "<group>"; };
		2E578EB71E32124500CC3A1F /* Info.plist */ = {isa = PBXFileReference; lastKnownFileType = text.plist.xml; path = Info.plist; sourceTree = "<group>"; };
		5F6DC441A196EB78ABA0499A /* Pods_MyTabbedApplication.framework */ = {isa = PBXFileReference; explicitFileType = wrapper.framework; includeInIndex = 0; path = Pods_MyTabbedApplication.framework; sourceTree = BUILT_PRODUCTS_DIR; };
		814018F01EC059C000C5B854 /* MyPresentaionController.swift */ = {isa = PBXFileReference; fileEncoding = 4; lastKnownFileType = sourcecode.swift; path = MyPresentaionController.swift; sourceTree = "<group>"; };
		818131541EBC50A600CEEA97 /* RevealTransition.swift */ = {isa = PBXFileReference; fileEncoding = 4; lastKnownFileType = sourcecode.swift; path = RevealTransition.swift; sourceTree = "<group>"; };
		818131561EBC6DAA00CEEA97 /* BaseViewController.swift */ = {isa = PBXFileReference; fileEncoding = 4; lastKnownFileType = sourcecode.swift; path = BaseViewController.swift; sourceTree = "<group>"; };
		81F826CA1EA9FC6000DD9928 /* MyTabBarController.swift */ = {isa = PBXFileReference; fileEncoding = 4; lastKnownFileType = sourcecode.swift; path = MyTabBarController.swift; sourceTree = "<group>"; };
		81F826CC1EA9FCCC00DD9928 /* HomeViewController.swift */ = {isa = PBXFileReference; fileEncoding = 4; lastKnownFileType = sourcecode.swift; path = HomeViewController.swift; sourceTree = "<group>"; };
		81F826CD1EA9FCCC00DD9928 /* HomeViewController.xib */ = {isa = PBXFileReference; fileEncoding = 4; lastKnownFileType = file.xib; path = HomeViewController.xib; sourceTree = "<group>"; };
		81F826D01EA9FCE300DD9928 /* MineViewController.swift */ = {isa = PBXFileReference; fileEncoding = 4; lastKnownFileType = sourcecode.swift; path = MineViewController.swift; sourceTree = "<group>"; };
		81F826D11EA9FCE300DD9928 /* MineViewController.xib */ = {isa = PBXFileReference; fileEncoding = 4; lastKnownFileType = file.xib; path = MineViewController.xib; sourceTree = "<group>"; };
		81F826D51EAA003700DD9928 /* ExploreViewController.swift */ = {isa = PBXFileReference; fileEncoding = 4; lastKnownFileType = sourcecode.swift; path = ExploreViewController.swift; sourceTree = "<group>"; };
		81F826D61EAA003700DD9928 /* ExploreViewController.xib */ = {isa = PBXFileReference; fileEncoding = 4; lastKnownFileType = file.xib; path = ExploreViewController.xib; sourceTree = "<group>"; };
		81F826DC1EAA116A00DD9928 /* LeftViewController.swift */ = {isa = PBXFileReference; fileEncoding = 4; lastKnownFileType = sourcecode.swift; path = LeftViewController.swift; sourceTree = "<group>"; };
		81F826DD1EAA116A00DD9928 /* LeftViewController.xib */ = {isa = PBXFileReference; fileEncoding = 4; lastKnownFileType = file.xib; path = LeftViewController.xib; sourceTree = "<group>"; };
/* End PBXFileReference section */

/* Begin PBXFrameworksBuildPhase section */
		2E578EA31E32124500CC3A1F /* Frameworks */ = {
			isa = PBXFrameworksBuildPhase;
			buildActionMask = 2147483647;
			files = (
				EBDDF5440A04E6300F507B04 /* Pods_MyTabbedApplication.framework in Frameworks */,
			);
			runOnlyForDeploymentPostprocessing = 0;
		};
/* End PBXFrameworksBuildPhase section */

/* Begin PBXGroup section */
		2E578E9D1E32124500CC3A1F = {
			isa = PBXGroup;
			children = (
				2E578EA81E32124500CC3A1F /* MyTabbedApplication */,
				2E578EA71E32124500CC3A1F /* Products */,
				79EF9E029CAC3811A0B89E8B /* Pods */,
				D2DB0264ACB3A5292934088D /* Frameworks */,
			);
			sourceTree = "<group>";
		};
		2E578EA71E32124500CC3A1F /* Products */ = {
			isa = PBXGroup;
			children = (
				2E578EA61E32124500CC3A1F /* MyTabbedApplication.app */,
			);
			name = Products;
			sourceTree = "<group>";
		};
		2E578EA81E32124500CC3A1F /* MyTabbedApplication */ = {
			isa = PBXGroup;
			children = (
				81F826C71EA9FBB700DD9928 /* RootViewControllers */,
				81F826C01EA9F6FB00DD9928 /* 首页 */,
				81F826C21EA9F70A00DD9928 /* 发现 */,
				81F826C11EA9F70500DD9928 /* 我的 */,
				2E578EA91E32124500CC3A1F /* AppDelegate.swift */,
				2E578EAF1E32124500CC3A1F /* Main.storyboard */,
				2E578EB21E32124500CC3A1F /* Assets.xcassets */,
				2E578EB41E32124500CC3A1F /* LaunchScreen.storyboard */,
				2E578EB71E32124500CC3A1F /* Info.plist */,
			);
			path = MyTabbedApplication;
			sourceTree = "<group>";
		};
		79EF9E029CAC3811A0B89E8B /* Pods */ = {
			isa = PBXGroup;
			children = (
				16FE319882B92D9A1A87AA69 /* Pods-MyTabbedApplication.debug.xcconfig */,
				1107EB545BB83186ACF16BF1 /* Pods-MyTabbedApplication.release.xcconfig */,
			);
			name = Pods;
			sourceTree = "<group>";
		};
		81F826C01EA9F6FB00DD9928 /* 首页 */ = {
			isa = PBXGroup;
			children = (
				81F826DB1EAA114A00DD9928 /* 侧滑控制器 */,
				81F826CC1EA9FCCC00DD9928 /* HomeViewController.swift */,
				81F826CD1EA9FCCC00DD9928 /* HomeViewController.xib */,
			);
			name = "首页";
			sourceTree = "<group>";
		};
		81F826C11EA9F70500DD9928 /* 我的 */ = {
			isa = PBXGroup;
			children = (
				81F826D01EA9FCE300DD9928 /* MineViewController.swift */,
				81F826D11EA9FCE300DD9928 /* MineViewController.xib */,
			);
			name = "我的";
			sourceTree = "<group>";
		};
		81F826C21EA9F70A00DD9928 /* 发现 */ = {
			isa = PBXGroup;
			children = (
				81F826D51EAA003700DD9928 /* ExploreViewController.swift */,
				81F826D61EAA003700DD9928 /* ExploreViewController.xib */,
			);
			name = "发现";
			sourceTree = "<group>";
		};
		81F826C71EA9FBB700DD9928 /* RootViewControllers */ = {
			isa = PBXGroup;
			children = (
				81F826CA1EA9FC6000DD9928 /* MyTabBarController.swift */,
				818131561EBC6DAA00CEEA97 /* BaseViewController.swift */,
			);
			name = RootViewControllers;
			sourceTree = "<group>";
		};
		81F826DB1EAA114A00DD9928 /* 侧滑控制器 */ = {
			isa = PBXGroup;
			children = (
				814018F01EC059C000C5B854 /* MyPresentaionController.swift */,
				818131541EBC50A600CEEA97 /* RevealTransition.swift */,
				81F826DC1EAA116A00DD9928 /* LeftViewController.swift */,
				81F826DD1EAA116A00DD9928 /* LeftViewController.xib */,
			);
			name = "侧滑控制器";
			sourceTree = "<group>";
		};
		D2DB0264ACB3A5292934088D /* Frameworks */ = {
			isa = PBXGroup;
			children = (
				5F6DC441A196EB78ABA0499A /* Pods_MyTabbedApplication.framework */,
			);
			name = Frameworks;
			sourceTree = "<group>";
		};
/* End PBXGroup section */

/* Begin PBXNativeTarget section */
		2E578EA51E32124500CC3A1F /* MyTabbedApplication */ = {
			isa = PBXNativeTarget;
			buildConfigurationList = 2E578EBA1E32124500CC3A1F /* Build configuration list for PBXNativeTarget "MyTabbedApplication" */;
			buildPhases = (
				9EF7DD29B8EABE2F6A340029 /* [CP] Check Pods Manifest.lock */,
				2E578EA21E32124500CC3A1F /* Sources */,
				2E578EA31E32124500CC3A1F /* Frameworks */,
				2E578EA41E32124500CC3A1F /* Resources */,
				E827AB79FE590677CCED4247 /* [CP] Embed Pods Frameworks */,
				5FD1E0AAAE5A7A3ACFC3227A /* [CP] Copy Pods Resources */,
			);
			buildRules = (
			);
			dependencies = (
			);
			name = MyTabbedApplication;
			productName = MyTabbedApplication;
			productReference = 2E578EA61E32124500CC3A1F /* MyTabbedApplication.app */;
			productType = "com.apple.product-type.application";
		};
/* End PBXNativeTarget section */

/* Begin PBXProject section */
		2E578E9E1E32124500CC3A1F /* Project object */ = {
			isa = PBXProject;
			attributes = {
				LastSwiftUpdateCheck = 0820;
				LastUpgradeCheck = 0820;
				ORGANIZATIONNAME = "ke sen.";
				TargetAttributes = {
					2E578EA51E32124500CC3A1F = {
						CreatedOnToolsVersion = 8.2.1;
						DevelopmentTeam = DHZ4447J4K;
						ProvisioningStyle = Automatic;
					};
				};
			};
			buildConfigurationList = 2E578EA11E32124500CC3A1F /* Build configuration list for PBXProject "MyTabbedApplication" */;
			compatibilityVersion = "Xcode 3.2";
			developmentRegion = English;
			hasScannedForEncodings = 0;
			knownRegions = (
				en,
				Base,
			);
			mainGroup = 2E578E9D1E32124500CC3A1F;
			productRefGroup = 2E578EA71E32124500CC3A1F /* Products */;
			projectDirPath = "";
			projectRoot = "";
			targets = (
				2E578EA51E32124500CC3A1F /* MyTabbedApplication */,
			);
		};
/* End PBXProject section */

/* Begin PBXResourcesBuildPhase section */
		2E578EA41E32124500CC3A1F /* Resources */ = {
			isa = PBXResourcesBuildPhase;
			buildActionMask = 2147483647;
			files = (
				81F826D81EAA003700DD9928 /* ExploreViewController.xib in Resources */,
				81F826DF1EAA116A00DD9928 /* LeftViewController.xib in Resources */,
				81F826D31EA9FCE300DD9928 /* MineViewController.xib in Resources */,
				2E578EB61E32124500CC3A1F /* LaunchScreen.storyboard in Resources */,
				2E578EB31E32124500CC3A1F /* Assets.xcassets in Resources */,
				2E578EB11E32124500CC3A1F /* Main.storyboard in Resources */,
				81F826CF1EA9FCCC00DD9928 /* HomeViewController.xib in Resources */,
			);
			runOnlyForDeploymentPostprocessing = 0;
		};
/* End PBXResourcesBuildPhase section */

/* Begin PBXShellScriptBuildPhase section */
		5FD1E0AAAE5A7A3ACFC3227A /* [CP] Copy Pods Resources */ = {
			isa = PBXShellScriptBuildPhase;
			buildActionMask = 2147483647;
			files = (
			);
			inputPaths = (
			);
			name = "[CP] Copy Pods Resources";
			outputPaths = (
			);
			runOnlyForDeploymentPostprocessing = 0;
			shellPath = /bin/sh;
			shellScript = "\"${SRCROOT}/Pods/Target Support Files/Pods-MyTabbedApplication/Pods-MyTabbedApplication-resources.sh\"\n";
			showEnvVarsInLog = 0;
		};
		9EF7DD29B8EABE2F6A340029 /* [CP] Check Pods Manifest.lock */ = {
			isa = PBXShellScriptBuildPhase;
			buildActionMask = 2147483647;
			files = (
			);
			inputPaths = (
			);
			name = "[CP] Check Pods Manifest.lock";
			outputPaths = (
			);
			runOnlyForDeploymentPostprocessing = 0;
			shellPath = /bin/sh;
			shellScript = "diff \"${PODS_ROOT}/../Podfile.lock\" \"${PODS_ROOT}/Manifest.lock\" > /dev/null\nif [ $? != 0 ] ; then\n    # print error to STDERR\n    echo \"error: The sandbox is not in sync with the Podfile.lock. Run 'pod install' or update your CocoaPods installation.\" >&2\n    exit 1\nfi\n";
			showEnvVarsInLog = 0;
		};
		E827AB79FE590677CCED4247 /* [CP] Embed Pods Frameworks */ = {
			isa = PBXShellScriptBuildPhase;
			buildActionMask = 2147483647;
			files = (
			);
			inputPaths = (
			);
			name = "[CP] Embed Pods Frameworks";
			outputPaths = (
			);
			runOnlyForDeploymentPostprocessing = 0;
			shellPath = /bin/sh;
			shellScript = "\"${SRCROOT}/Pods/Target Support Files/Pods-MyTabbedApplication/Pods-MyTabbedApplication-frameworks.sh\"\n";
			showEnvVarsInLog = 0;
		};
/* End PBXShellScriptBuildPhase section */

/* Begin PBXSourcesBuildPhase section */
		2E578EA21E32124500CC3A1F /* Sources */ = {
			isa = PBXSourcesBuildPhase;
			buildActionMask = 2147483647;
			files = (
				818131551EBC50A600CEEA97 /* RevealTransition.swift in Sources */,
				2E578EAA1E32124500CC3A1F /* AppDelegate.swift in Sources */,
				814018F11EC059C000C5B854 /* MyPresentaionController.swift in Sources */,
				81F826CB1EA9FC6000DD9928 /* MyTabBarController.swift in Sources */,
				81F826D71EAA003700DD9928 /* ExploreViewController.swift in Sources */,
				81F826DE1EAA116A00DD9928 /* LeftViewController.swift in Sources */,
				81F826CE1EA9FCCC00DD9928 /* HomeViewController.swift in Sources */,
				818131571EBC6DAA00CEEA97 /* BaseViewController.swift in Sources */,
				81F826D21EA9FCE300DD9928 /* MineViewController.swift in Sources */,
			);
			runOnlyForDeploymentPostprocessing = 0;
		};
/* End PBXSourcesBuildPhase section */

/* Begin PBXVariantGroup section */
		2E578EAF1E32124500CC3A1F /* Main.storyboard */ = {
			isa = PBXVariantGroup;
			children = (
				2E578EB01E32124500CC3A1F /* Base */,
			);
			name = Main.storyboard;
			sourceTree = "<group>";
		};
		2E578EB41E32124500CC3A1F /* LaunchScreen.storyboard */ = {
			isa = PBXVariantGroup;
			children = (
				2E578EB51E32124500CC3A1F /* Base */,
			);
			name = LaunchScreen.storyboard;
			sourceTree = "<group>";
		};
/* End PBXVariantGroup section */

/* Begin XCBuildConfiguration section */
		2E578EB81E32124500CC3A1F /* Debug */ = {
			isa = XCBuildConfiguration;
			buildSettings = {
				ALWAYS_SEARCH_USER_PATHS = NO;
				CLANG_ANALYZER_NONNULL = YES;
				CLANG_CXX_LANGUAGE_STANDARD = "gnu++0x";
				CLANG_CXX_LIBRARY = "libc++";
				CLANG_ENABLE_MODULES = YES;
				CLANG_ENABLE_OBJC_ARC = YES;
				CLANG_WARN_BOOL_CONVERSION = YES;
				CLANG_WARN_CONSTANT_CONVERSION = YES;
				CLANG_WARN_DIRECT_OBJC_ISA_USAGE = YES_ERROR;
				CLANG_WARN_DOCUMENTATION_COMMENTS = YES;
				CLANG_WARN_EMPTY_BODY = YES;
				CLANG_WARN_ENUM_CONVERSION = YES;
				CLANG_WARN_INFINITE_RECURSION = YES;
				CLANG_WARN_INT_CONVERSION = YES;
				CLANG_WARN_OBJC_ROOT_CLASS = YES_ERROR;
				CLANG_WARN_SUSPICIOUS_MOVE = YES;
				CLANG_WARN_UNREACHABLE_CODE = YES;
				CLANG_WARN__DUPLICATE_METHOD_MATCH = YES;
				"CODE_SIGN_IDENTITY[sdk=iphoneos*]" = "iPhone Developer";
				COPY_PHASE_STRIP = NO;
				DEBUG_INFORMATION_FORMAT = dwarf;
				ENABLE_STRICT_OBJC_MSGSEND = YES;
				ENABLE_TESTABILITY = YES;
				GCC_C_LANGUAGE_STANDARD = gnu99;
				GCC_DYNAMIC_NO_PIC = NO;
				GCC_NO_COMMON_BLOCKS = YES;
				GCC_OPTIMIZATION_LEVEL = 0;
				GCC_PREPROCESSOR_DEFINITIONS = (
					"DEBUG=1",
					"$(inherited)",
				);
				GCC_WARN_64_TO_32_BIT_CONVERSION = YES;
				GCC_WARN_ABOUT_RETURN_TYPE = YES_ERROR;
				GCC_WARN_UNDECLARED_SELECTOR = YES;
				GCC_WARN_UNINITIALIZED_AUTOS = YES_AGGRESSIVE;
				GCC_WARN_UNUSED_FUNCTION = YES;
				GCC_WARN_UNUSED_VARIABLE = YES;
				IPHONEOS_DEPLOYMENT_TARGET = 10.2;
				MTL_ENABLE_DEBUG_INFO = YES;
				ONLY_ACTIVE_ARCH = YES;
				SDKROOT = iphoneos;
				SWIFT_ACTIVE_COMPILATION_CONDITIONS = DEBUG;
				SWIFT_OPTIMIZATION_LEVEL = "-Onone";
				TARGETED_DEVICE_FAMILY = "1,2";
			};
			name = Debug;
		};
		2E578EB91E32124500CC3A1F /* Release */ = {
			isa = XCBuildConfiguration;
			buildSettings = {
				ALWAYS_SEARCH_USER_PATHS = NO;
				CLANG_ANALYZER_NONNULL = YES;
				CLANG_CXX_LANGUAGE_STANDARD = "gnu++0x";
				CLANG_CXX_LIBRARY = "libc++";
				CLANG_ENABLE_MODULES = YES;
				CLANG_ENABLE_OBJC_ARC = YES;
				CLANG_WARN_BOOL_CONVERSION = YES;
				CLANG_WARN_CONSTANT_CONVERSION = YES;
				CLANG_WARN_DIRECT_OBJC_ISA_USAGE = YES_ERROR;
				CLANG_WARN_DOCUMENTATION_COMMENTS = YES;
				CLANG_WARN_EMPTY_BODY = YES;
				CLANG_WARN_ENUM_CONVERSION = YES;
				CLANG_WARN_INFINITE_RECURSION = YES;
				CLANG_WARN_INT_CONVERSION = YES;
				CLANG_WARN_OBJC_ROOT_CLASS = YES_ERROR;
				CLANG_WARN_SUSPICIOUS_MOVE = YES;
				CLANG_WARN_UNREACHABLE_CODE = YES;
				CLANG_WARN__DUPLICATE_METHOD_MATCH = YES;
				"CODE_SIGN_IDENTITY[sdk=iphoneos*]" = "iPhone Developer";
				COPY_PHASE_STRIP = NO;
				DEBUG_INFORMATION_FORMAT = "dwarf-with-dsym";
				ENABLE_NS_ASSERTIONS = NO;
				ENABLE_STRICT_OBJC_MSGSEND = YES;
				GCC_C_LANGUAGE_STANDARD = gnu99;
				GCC_NO_COMMON_BLOCKS = YES;
				GCC_WARN_64_TO_32_BIT_CONVERSION = YES;
				GCC_WARN_ABOUT_RETURN_TYPE = YES_ERROR;
				GCC_WARN_UNDECLARED_SELECTOR = YES;
				GCC_WARN_UNINITIALIZED_AUTOS = YES_AGGRESSIVE;
				GCC_WARN_UNUSED_FUNCTION = YES;
				GCC_WARN_UNUSED_VARIABLE = YES;
				IPHONEOS_DEPLOYMENT_TARGET = 10.2;
				MTL_ENABLE_DEBUG_INFO = NO;
				SDKROOT = iphoneos;
				SWIFT_OPTIMIZATION_LEVEL = "-Owholemodule";
				TARGETED_DEVICE_FAMILY = "1,2";
				VALIDATE_PRODUCT = YES;
			};
			name = Release;
		};
		2E578EBB1E32124500CC3A1F /* Debug */ = {
			isa = XCBuildConfiguration;
			baseConfigurationReference = 16FE319882B92D9A1A87AA69 /* Pods-MyTabbedApplication.debug.xcconfig */;
			buildSettings = {
				ASSETCATALOG_COMPILER_APPICON_NAME = AppIcon;
				DEVELOPMENT_TEAM = DHZ4447J4K;
				INFOPLIST_FILE = MyTabbedApplication/Info.plist;
				IPHONEOS_DEPLOYMENT_TARGET = 8.0;
				LD_RUNPATH_SEARCH_PATHS = "$(inherited) @executable_path/Frameworks";
				PRODUCT_BUNDLE_IDENTIFIER = kk.MyTabbedApplication;
				PRODUCT_NAME = "$(TARGET_NAME)";
				SWIFT_VERSION = 3.0;
				TARGETED_DEVICE_FAMILY = "1,2";
			};
			name = Debug;
		};
		2E578EBC1E32124500CC3A1F /* Release */ = {
			isa = XCBuildConfiguration;
			baseConfigurationReference = 1107EB545BB83186ACF16BF1 /* Pods-MyTabbedApplication.release.xcconfig */;
			buildSettings = {
				ASSETCATALOG_COMPILER_APPICON_NAME = AppIcon;
				DEVELOPMENT_TEAM = DHZ4447J4K;
				INFOPLIST_FILE = MyTabbedApplication/Info.plist;
				IPHONEOS_DEPLOYMENT_TARGET = 8.0;
				LD_RUNPATH_SEARCH_PATHS = "$(inherited) @executable_path/Frameworks";
				PRODUCT_BUNDLE_IDENTIFIER = kk.MyTabbedApplication;
				PRODUCT_NAME = "$(TARGET_NAME)";
				SWIFT_VERSION = 3.0;
				TARGETED_DEVICE_FAMILY = "1,2";
			};
			name = Release;
		};
/* End XCBuildConfiguration section */

/* Begin XCConfigurationList section */
		2E578EA11E32124500CC3A1F /* Build configuration list for PBXProject "MyTabbedApplication" */ = {
			isa = XCConfigurationList;
			buildConfigurations = (
				2E578EB81E32124500CC3A1F /* Debug */,
				2E578EB91E32124500CC3A1F /* Release */,
			);
			defaultConfigurationIsVisible = 0;
			defaultConfigurationName = Release;
		};
		2E578EBA1E32124500CC3A1F /* Build configuration list for PBXNativeTarget "MyTabbedApplication" */ = {
			isa = XCConfigurationList;
			buildConfigurations = (
				2E578EBB1E32124500CC3A1F /* Debug */,
				2E578EBC1E32124500CC3A1F /* Release */,
			);
			defaultConfigurationIsVisible = 0;
			defaultConfigurationName = Release;
		};
/* End XCConfigurationList section */
	};
	rootObject = 2E578E9E1E32124500CC3A1F /* Project object */;
}
